
Microsoft Visual Studio Solution File, Format Version 12.00
# Visual Studio Version 17
VisualStudioVersion = 17.7.34221.43
MinimumVisualStudioVersion = 10.0.40219.1
Project("{9A19103F-16F7-4668-BE54-9A1E7A4F7556}") = "Account.Api", "Account.Api\Account.Api.csproj", "{38D81853-347F-40FD-8E0C-21D982A2E6DE}"
EndProject
Project("{9A19103F-16F7-4668-BE54-9A1E7A4F7556}") = "Account.MasterDataLayer", "Account.DataLayer\Account.MasterDataLayer.csproj", "{6ADFC46A-8B47-4F71-877F-EB906885F08C}"
EndProject
Project("{9A19103F-16F7-4668-BE54-9A1E7A4F7556}") = "Account.Middleware", "Account.Middleware\Account.Middleware.csproj", "{C228F8DE-8911-449E-81D9-AA0B7560D4B3}"
EndProject
Project("{9A19103F-16F7-4668-BE54-9A1E7A4F7556}") = "Account.AppDataLayer", "Account.AppDataLayer\Account.AppDataLayer.csproj", "{0733171B-188E-4EE6-BE30-75BD9AD2969E}"
EndProject
Project("{FAE04EC0-301F-11D3-BF4B-00C04F79EFBC}") = "Account.Entities", "Account.Entities\Account.Entities.csproj", "{67FEF906-95D2-4F95-B21A-5AF275DAB49E}"
EndProject
Global
	GlobalSection(SolutionConfigurationPlatforms) = preSolution
		Debug|Any CPU = Debug|Any CPU
		Release|Any CPU = Release|Any CPU
	EndGlobalSection
	GlobalSection(ProjectConfigurationPlatforms) = postSolution
		{38D81853-347F-40FD-8E0C-21D982A2E6DE}.Debug|Any CPU.ActiveCfg = Debug|Any CPU
		{38D81853-347F-40FD-8E0C-21D982A2E6DE}.Debug|Any CPU.Build.0 = Debug|Any CPU
		{38D81853-347F-40FD-8E0C-21D982A2E6DE}.Release|Any CPU.ActiveCfg = Release|Any CPU
		{38D81853-347F-40FD-8E0C-21D982A2E6DE}.Release|Any CPU.Build.0 = Release|Any CPU
		{6ADFC46A-8B47-4F71-877F-EB906885F08C}.Debug|Any CPU.ActiveCfg = Debug|Any CPU
		{6ADFC46A-8B47-4F71-877F-EB906885F08C}.Debug|Any CPU.Build.0 = Debug|Any CPU
		{6ADFC46A-8B47-4F71-877F-EB906885F08C}.Release|Any CPU.ActiveCfg = Release|Any CPU
		{6ADFC46A-8B47-4F71-877F-EB906885F08C}.Release|Any CPU.Build.0 = Release|Any CPU
		{C228F8DE-8911-449E-81D9-AA0B7560D4B3}.Debug|Any CPU.ActiveCfg = Debug|Any CPU
		{C228F8DE-8911-449E-81D9-AA0B7560D4B3}.Debug|Any CPU.Build.0 = Debug|Any CPU
		{C228F8DE-8911-449E-81D9-AA0B7560D4B3}.Release|Any CPU.ActiveCfg = Release|Any CPU
		{C228F8DE-8911-449E-81D9-AA0B7560D4B3}.Release|Any CPU.Build.0 = Release|Any CPU
		{0733171B-188E-4EE6-BE30-75BD9AD2969E}.Debug|Any CPU.ActiveCfg = Debug|Any CPU
		{0733171B-188E-4EE6-BE30-75BD9AD2969E}.Debug|Any CPU.Build.0 = Debug|Any CPU
		{0733171B-188E-4EE6-BE30-75BD9AD2969E}.Release|Any CPU.ActiveCfg = Release|Any CPU
		{0733171B-188E-4EE6-BE30-75BD9AD2969E}.Release|Any CPU.Build.0 = Release|Any CPU
		{67FEF906-95D2-4F95-B21A-5AF275DAB49E}.Debug|Any CPU.ActiveCfg = Debug|Any CPU
		{67FEF906-95D2-4F95-B21A-5AF275DAB49E}.Debug|Any CPU.Build.0 = Debug|Any CPU
		{67FEF906-95D2-4F95-B21A-5AF275DAB49E}.Release|Any CPU.ActiveCfg = Release|Any CPU
		{67FEF906-95D2-4F95-B21A-5AF275DAB49E}.Release|Any CPU.Build.0 = Release|Any CPU
	EndGlobalSection
	GlobalSection(SolutionProperties) = preSolution
		HideSolutionNode = FALSE
	EndGlobalSection
	GlobalSection(ExtensibilityGlobals) = postSolution
		SolutionGuid = {36533784-422E-4899-961A-43AD70B8EC82}
	EndGlobalSection
EndGlobal
